
Microsoft Visual Studio Solution File, Format Version 12.00
# Visual Studio Version 16
VisualStudioVersion = 16.0.29306.81
MinimumVisualStudioVersion = 10.0.40219.1
Project("{FAE04EC0-301F-11D3-BF4B-00C04F79EFBC}") = "Jasmin-Monitor", "Jasmin-Monitor\Jasmin-Monitor.csproj", "{30B2E26E-BB63-4AAB-ABE2-48EB6519552B}"
EndProject
Global
	GlobalSection(SolutionConfigurationPlatforms) = preSolution
		Debug|Any CPU = Debug|Any CPU
		Release|Any CPU = Release|Any CPU
	EndGlobalSection
	GlobalSection(ProjectConfigurationPlatforms) = postSolution
		{30B2E26E-BB63-4AAB-ABE2-48EB6519552B}.Debug|Any CPU.ActiveCfg = Debug|Any CPU
		{30B2E26E-BB63-4AAB-ABE2-48EB6519552B}.Debug|Any CPU.Build.0 = Debug|Any CPU
		{30B2E26E-BB63-4AAB-ABE2-48EB6519552B}.Release|Any CPU.ActiveCfg = Release|Any CPU
		{30B2E26E-BB63-4AAB-ABE2-48EB6519552B}.Release|Any CPU.Build.0 = Release|Any CPU
	EndGlobalSection
	GlobalSection(SolutionProperties) = preSolution
		HideSolutionNode = FALSE
	EndGlobalSection
	GlobalSection(ExtensibilityGlobals) = postSolution
		SolutionGuid = {7F8E9984-BCF8-4D3B-B1A4-8CA22C4C54D1}
	EndGlobalSection
EndGlobal
